
Microsoft Visual Studio Solution File, Format Version 12.00
# Visual Studio 15
VisualStudioVersion = 15.0.27703.2035
MinimumVisualStudioVersion = 10.0.40219.1
Project("{FAE04EC0-301F-11D3-BF4B-00C04F79EFBC}") = "SfComboBox", "SfComboBox\SfComboBox.csproj", "{3AA30897-064D-48F9-87CA-C23E2F75792F}"
EndProject
Global
	GlobalSection(SolutionConfigurationPlatforms) = preSolution
		Debug|Any CPU = Debug|Any CPU
		Debug-Xml|Any CPU = Debug-Xml|Any CPU
		Release|Any CPU = Release|Any CPU
		Release-Xml|Any CPU = Release-Xml|Any CPU
	EndGlobalSection
	GlobalSection(ProjectConfigurationPlatforms) = postSolution
		{3AA30897-064D-48F9-87CA-C23E2F75792F}.Debug|Any CPU.ActiveCfg = Debug|Any CPU
		{3AA30897-064D-48F9-87CA-C23E2F75792F}.Debug|Any CPU.Build.0 = Debug|Any CPU
		{3AA30897-064D-48F9-87CA-C23E2F75792F}.Debug-Xml|Any CPU.ActiveCfg = Debug|Any CPU
		{3AA30897-064D-48F9-87CA-C23E2F75792F}.Debug-Xml|Any CPU.Build.0 = Debug|Any CPU
		{3AA30897-064D-48F9-87CA-C23E2F75792F}.Release|Any CPU.ActiveCfg = Release|Any CPU
		{3AA30897-064D-48F9-87CA-C23E2F75792F}.Release|Any CPU.Build.0 = Release|Any CPU
		{3AA30897-064D-48F9-87CA-C23E2F75792F}.Release-Xml|Any CPU.ActiveCfg = Release|Any CPU
		{3AA30897-064D-48F9-87CA-C23E2F75792F}.Release-Xml|Any CPU.Build.0 = Release|Any CPU
	EndGlobalSection
	GlobalSection(SolutionProperties) = preSolution
		HideSolutionNode = FALSE
	EndGlobalSection
	GlobalSection(ExtensibilityGlobals) = postSolution
		SolutionGuid = {9CEA6577-E8DB-4669-90CD-F8FDACD8F70B}
	EndGlobalSection
EndGlobal
